// !$*UTF8*$!
{
	archiveVersion = 1;
	classes = {
	};
	objectVersion = 56;
	objects = {

/* Begin PBXBuildFile section */
		2D227C182F5C12E100F078BE /* Assets.xcassets in Resources */ = {isa = PBXBuildFile; fileRef = 2D227C172F5C12E100F078BE /* Assets.xcassets */; };
		AA000001 /* KuromiApp.swift in Sources */ = {isa = PBXBuildFile; fileRef = AA100001 /* KuromiApp.swift */; };
		AA000002 /* AppSettings.swift in Sources */ = {isa = PBXBuildFile; fileRef = AA100002 /* AppSettings.swift */; };
		AA000003 /* Message.swift in Sources */ = {isa = PBXBuildFile; fileRef = AA100003 /* Message.swift */; };
		AA000005 /* SetupViewModel.swift in Sources */ = {isa = PBXBuildFile; fileRef = AA100005 /* SetupViewModel.swift */; };
		AA000007 /* ChatViewModel.swift in Sources */ = {isa = PBXBuildFile; fileRef = AA100007 /* ChatViewModel.swift */; };
		AA000008 /* SetupView.swift in Sources */ = {isa = PBXBuildFile; fileRef = AA100008 /* SetupView.swift */; };
		AA000010 /* ChatView.swift in Sources */ = {isa = PBXBuildFile; fileRef = AA100010 /* ChatView.swift */; };
		AA000011 /* GatewayService.swift in Sources */ = {isa = PBXBuildFile; fileRef = AA100011 /* GatewayService.swift */; };
		AC000001 /* AppColors.swift in Sources */ = {isa = PBXBuildFile; fileRef = AC100001 /* AppColors.swift */; };
		AE000001 /* AudioEngine.swift in Sources */ = {isa = PBXBuildFile; fileRef = AE100001 /* AudioEngine.swift */; };
		AS000001 /* AudioSessionManager.swift in Sources */ = {isa = PBXBuildFile; fileRef = AS100001 /* AudioSessionManager.swift */; };
		B1C2D3E4F5A6B7C8D9E0F1A2 /* AudioRelayService.swift in Sources */ = {isa = PBXBuildFile; fileRef = A1B2C3D4E5F6A7B8C9D0E1F2 /* AudioRelayService.swift */; };
		FM000001 /* FuzzyMatch.swift in Sources */ = {isa = PBXBuildFile; fileRef = FM100001 /* FuzzyMatch.swift */; };
		OD000001 /* OnDeviceSTTService.swift in Sources */ = {isa = PBXBuildFile; fileRef = OD100001 /* OnDeviceSTTService.swift */; };
		OT000001 /* OnDeviceTTSService.swift in Sources */ = {isa = PBXBuildFile; fileRef = OT100001 /* OnDeviceTTSService.swift */; };
		SP000002 /* SoundPlayer.swift in Sources */ = {isa = PBXBuildFile; fileRef = SP000001 /* SoundPlayer.swift */; };
		WW000001 /* WakeWordService.swift in Sources */ = {isa = PBXBuildFile; fileRef = WW100001 /* WakeWordService.swift */; };
/* End PBXBuildFile section */

/* Begin PBXFileReference section */
		2D227C172F5C12E100F078BE /* Assets.xcassets */ = {isa = PBXFileReference; lastKnownFileType = folder.assetcatalog; path = Assets.xcassets; sourceTree = "<group>"; };
		A1B2C3D4E5F6A7B8C9D0E1F2 /* AudioRelayService.swift */ = {isa = PBXFileReference; lastKnownFileType = sourcecode.swift; path = AudioRelayService.swift; sourceTree = "<group>"; };
		AA100001 /* KuromiApp.swift */ = {isa = PBXFileReference; lastKnownFileType = sourcecode.swift; path = KuromiApp.swift; sourceTree = "<group>"; };
		AA100002 /* AppSettings.swift */ = {isa = PBXFileReference; lastKnownFileType = sourcecode.swift; path = AppSettings.swift; sourceTree = "<group>"; };
		AA100003 /* Message.swift */ = {isa = PBXFileReference; lastKnownFileType = sourcecode.swift; path = Message.swift; sourceTree = "<group>"; };
		AA100005 /* SetupViewModel.swift */ = {isa = PBXFileReference; lastKnownFileType = sourcecode.swift; path = SetupViewModel.swift; sourceTree = "<group>"; };
		AA100007 /* ChatViewModel.swift */ = {isa = PBXFileReference; lastKnownFileType = sourcecode.swift; path = ChatViewModel.swift; sourceTree = "<group>"; };
		AA100008 /* SetupView.swift */ = {isa = PBXFileReference; lastKnownFileType = sourcecode.swift; path = SetupView.swift; sourceTree = "<group>"; };
		AA100010 /* ChatView.swift */ = {isa = PBXFileReference; lastKnownFileType = sourcecode.swift; path = ChatView.swift; sourceTree = "<group>"; };
		AA100011 /* GatewayService.swift */ = {isa = PBXFileReference; lastKnownFileType = sourcecode.swift; path = GatewayService.swift; sourceTree = "<group>"; };
		AA200001 /* KuromiApp.app */ = {isa = PBXFileReference; explicitFileType = wrapper.application; includeInIndex = 0; path = KuromiApp.app; sourceTree = BUILT_PRODUCTS_DIR; };
		AA200002 /* Info.plist */ = {isa = PBXFileReference; lastKnownFileType = text.plist.xml; path = Info.plist; sourceTree = "<group>"; };
		AC100001 /* AppColors.swift */ = {isa = PBXFileReference; lastKnownFileType = sourcecode.swift; path = AppColors.swift; sourceTree = "<group>"; };
		AE100001 /* AudioEngine.swift */ = {isa = PBXFileReference; lastKnownFileType = sourcecode.swift; path = AudioEngine.swift; sourceTree = "<group>"; };
		AS100001 /* AudioSessionManager.swift */ = {isa = PBXFileReference; lastKnownFileType = sourcecode.swift; path = AudioSessionManager.swift; sourceTree = "<group>"; };
		FM100001 /* FuzzyMatch.swift */ = {isa = PBXFileReference; lastKnownFileType = sourcecode.swift; path = FuzzyMatch.swift; sourceTree = "<group>"; };
		OD100001 /* OnDeviceSTTService.swift */ = {isa = PBXFileReference; lastKnownFileType = sourcecode.swift; path = OnDeviceSTTService.swift; sourceTree = "<group>"; };
		OT100001 /* OnDeviceTTSService.swift */ = {isa = PBXFileReference; lastKnownFileType = sourcecode.swift; path = OnDeviceTTSService.swift; sourceTree = "<group>"; };
		SP000001 /* SoundPlayer.swift */ = {isa = PBXFileReference; lastKnownFileType = sourcecode.swift; path = SoundPlayer.swift; sourceTree = "<group>"; };
		WW100001 /* WakeWordService.swift */ = {isa = PBXFileReference; lastKnownFileType = sourcecode.swift; path = WakeWordService.swift; sourceTree = "<group>"; };
/* End PBXFileReference section */

/* Begin PBXFrameworksBuildPhase section */
		AA300001 /* Frameworks */ = {
			isa = PBXFrameworksBuildPhase;
			buildActionMask = 2147483647;
			files = (
			);
			runOnlyForDeploymentPostprocessing = 0;
		};
/* End PBXFrameworksBuildPhase section */

/* Begin PBXGroup section */
		AA400000 /* KuromiApp */ = {
			isa = PBXGroup;
			children = (
				AA100001 /* KuromiApp.swift */,
				AA200002 /* Info.plist */,
				AA400001 /* Models */,
				AA400002 /* ViewModels */,
				AA400003 /* Views */,
				AA400004 /* Services */,
				AA400005 /* Helpers */,
			);
			path = KuromiApp;
			sourceTree = "<group>";
		};
		AA400001 /* Models */ = {
			isa = PBXGroup;
			children = (
				AA100002 /* AppSettings.swift */,
				AA100003 /* Message.swift */,
			);
			path = Models;
			sourceTree = "<group>";
		};
		AA400002 /* ViewModels */ = {
			isa = PBXGroup;
			children = (
				AA100005 /* SetupViewModel.swift */,
				AA100007 /* ChatViewModel.swift */,
			);
			path = ViewModels;
			sourceTree = "<group>";
		};
		AA400003 /* Views */ = {
			isa = PBXGroup;
			children = (
				AA100008 /* SetupView.swift */,
				AA100010 /* ChatView.swift */,
			);
			path = Views;
			sourceTree = "<group>";
		};
		AA400004 /* Services */ = {
			isa = PBXGroup;
			children = (
				AE100001 /* AudioEngine.swift */,
				AS100001 /* AudioSessionManager.swift */,
				AA100011 /* GatewayService.swift */,
				A1B2C3D4E5F6A7B8C9D0E1F2 /* AudioRelayService.swift */,
				WW100001 /* WakeWordService.swift */,
				OD100001 /* OnDeviceSTTService.swift */,
				OT100001 /* OnDeviceTTSService.swift */,
			);
			path = Services;
			sourceTree = "<group>";
		};
		AA400005 /* Helpers */ = {
			isa = PBXGroup;
			children = (
				AC100001 /* AppColors.swift */,
				FM100001 /* FuzzyMatch.swift */,
				SP000001 /* SoundPlayer.swift */,
			);
			path = Helpers;
			sourceTree = "<group>";
		};
		AA500000 = {
			isa = PBXGroup;
			children = (
				2D227C172F5C12E100F078BE /* Assets.xcassets */,
				AA400000 /* KuromiApp */,
				AA600000 /* Products */,
			);
			sourceTree = "<group>";
		};
		AA600000 /* Products */ = {
			isa = PBXGroup;
			children = (
				AA200001 /* KuromiApp.app */,
			);
			name = Products;
			sourceTree = "<group>";
		};
/* End PBXGroup section */

/* Begin PBXNativeTarget section */
		AA700000 /* KuromiApp */ = {
			isa = PBXNativeTarget;
			buildConfigurationList = AA800001 /* Build configuration list for PBXNativeTarget "KuromiApp" */;
			buildPhases = (
				AA300001 /* Frameworks */,
				AA900001 /* Sources */,
				AA900002 /* Resources */,
			);
			buildRules = (
			);
			dependencies = (
			);
			name = KuromiApp;
			productName = KuromiApp;
			productReference = AA200001 /* KuromiApp.app */;
			productType = "com.apple.product-type.application";
		};
/* End PBXNativeTarget section */

/* Begin PBXProject section */
		AA000000 /* Project object */ = {
			isa = PBXProject;
			attributes = {
				BuildIndependentTargetsInParallel = 1;
				LastSwiftUpdateCheck = 1500;
				LastUpgradeCheck = 1500;
				TargetAttributes = {
					AA700000 = {
						CreatedOnToolsVersion = 15.0;
					};
				};
			};
			buildConfigurationList = AA800000 /* Build configuration list for PBXProject "KuromiApp" */;
			compatibilityVersion = "Xcode 14.0";
			developmentRegion = en;
			hasScannedForEncodings = 0;
			knownRegions = (
				en,
				Base,
			);
			mainGroup = AA500000;
			productRefGroup = AA600000 /* Products */;
			projectDirPath = "";
			projectRoot = "";
			targets = (
				AA700000 /* KuromiApp */,
			);
		};
/* End PBXProject section */

/* Begin PBXResourcesBuildPhase section */
		AA900002 /* Resources */ = {
			isa = PBXResourcesBuildPhase;
			buildActionMask = 2147483647;
			files = (
				2D227C182F5C12E100F078BE /* Assets.xcassets in Resources */,
			);
			runOnlyForDeploymentPostprocessing = 0;
		};
/* End PBXResourcesBuildPhase section */

/* Begin PBXSourcesBuildPhase section */
		AA900001 /* Sources */ = {
			isa = PBXSourcesBuildPhase;
			buildActionMask = 2147483647;
			files = (
				AE000001 /* AudioEngine.swift in Sources */,
				AS000001 /* AudioSessionManager.swift in Sources */,
				AA000001 /* KuromiApp.swift in Sources */,
				AA000002 /* AppSettings.swift in Sources */,
				AA000003 /* Message.swift in Sources */,
				AA000005 /* SetupViewModel.swift in Sources */,
				AA000007 /* ChatViewModel.swift in Sources */,
				AA000008 /* SetupView.swift in Sources */,
				AA000010 /* ChatView.swift in Sources */,
				AA000011 /* GatewayService.swift in Sources */,
				B1C2D3E4F5A6B7C8D9E0F1A2 /* AudioRelayService.swift in Sources */,
				WW000001 /* WakeWordService.swift in Sources */,
				OD000001 /* OnDeviceSTTService.swift in Sources */,
				OT000001 /* OnDeviceTTSService.swift in Sources */,
				AC000001 /* AppColors.swift in Sources */,
				FM000001 /* FuzzyMatch.swift in Sources */,
				SP000002 /* SoundPlayer.swift in Sources */,
			);
			runOnlyForDeploymentPostprocessing = 0;
		};
/* End PBXSourcesBuildPhase section */

/* Begin XCBuildConfiguration section */
		AA800002 /* Debug */ = {
			isa = XCBuildConfiguration;
			buildSettings = {
				ALWAYS_SEARCH_USER_PATHS = NO;
				ASSETCATALOG_COMPILER_GENERATE_SWIFT_ASSET_SYMBOL_EXTENSIONS = YES;
				CLANG_ANALYZER_NONNULL = YES;
				CLANG_ANALYZER_NUMBER_OBJECT_CONVERSION = YES_AGGRESSIVE;
				CLANG_CXX_LANGUAGE_STANDARD = "gnu++20";
				CLANG_ENABLE_MODULES = YES;
				CLANG_ENABLE_OBJC_ARC = YES;
				CLANG_ENABLE_OBJC_WEAK = YES;
				CLANG_WARN_BLOCK_CAPTURE_AUTORELEASING = YES;
				CLANG_WARN_BOOL_CONVERSION = YES;
				CLANG_WARN_COMMA = YES;
				CLANG_WARN_CONSTANT_CONVERSION = YES;
				CLANG_WARN_DEPRECATED_OBJC_IMPLEMENTATIONS = YES;
				CLANG_WARN_DIRECT_OBJC_ISA_USAGE = YES_ERROR;
				CLANG_WARN_DOCUMENTATION_COMMENTS = YES;
				CLANG_WARN_EMPTY_BODY = YES;
				CLANG_WARN_ENUM_CONVERSION = YES;
				CLANG_WARN_INFINITE_RECURSION = YES;
				CLANG_WARN_INT_CONVERSION = YES;
				CLANG_WARN_NON_LITERAL_NULL_CONVERSION = YES;
				CLANG_WARN_OBJC_IMPLICIT_RETAIN_SELF = YES;
				CLANG_WARN_OBJC_LITERAL_CONVERSION = YES;
				CLANG_WARN_OBJC_ROOT_CLASS = YES_ERROR;
				CLANG_WARN_QUOTED_INCLUDE_IN_FRAMEWORK_HEADER = YES;
				CLANG_WARN_RANGE_LOOP_ANALYSIS = YES;
				CLANG_WARN_STRICT_PROTOTYPES = YES;
				CLANG_WARN_SUSPICIOUS_MOVE = YES;
				CLANG_WARN_UNGUARDED_AVAILABILITY = YES_AGGRESSIVE;
				CLANG_WARN_UNREACHABLE_CODE = YES;
				CLANG_WARN__DUPLICATE_METHOD_MATCH = YES;
				COPY_PHASE_STRIP = NO;
				DEBUG_INFORMATION_FORMAT = dwarf;
				ENABLE_STRICT_OBJC_MSGSEND = YES;
				ENABLE_TESTABILITY = YES;
				ENABLE_USER_SCRIPT_SANDBOXING = YES;
				GCC_C_LANGUAGE_STANDARD = gnu17;
				GCC_DYNAMIC_NO_PIC = NO;
				GCC_NO_COMMON_BLOCKS = YES;
				GCC_OPTIMIZATION_LEVEL = 0;
				GCC_PREPROCESSOR_DEFINITIONS = (
					"DEBUG=1",
					"$(inherited)",
				);
				GCC_WARN_64_TO_32_BIT_CONVERSION = YES;
				GCC_WARN_ABOUT_RETURN_TYPE = YES_ERROR;
				GCC_WARN_UNDECLARED_SELECTOR = YES;
				GCC_WARN_UNINITIALIZED_AUTOS = YES_AGGRESSIVE;
				GCC_WARN_UNUSED_FUNCTION = YES;
				GCC_WARN_UNUSED_VARIABLE = YES;
				IPHONEOS_DEPLOYMENT_TARGET = 17.0;
				MTL_ENABLE_DEBUG_INFO = INCLUDE_SOURCE;
				MTL_FAST_MATH = YES;
				ONLY_ACTIVE_ARCH = YES;
				SDKROOT = iphoneos;
				SWIFT_ACTIVE_COMPILATION_CONDITIONS = "DEBUG $(inherited)";
				SWIFT_OPTIMIZATION_LEVEL = "-Onone";
			};
			name = Debug;
		};
		AA800003 /* Release */ = {
			isa = XCBuildConfiguration;
			buildSettings = {
				ALWAYS_SEARCH_USER_PATHS = NO;
				ASSETCATALOG_COMPILER_GENERATE_SWIFT_ASSET_SYMBOL_EXTENSIONS = YES;
				CLANG_ANALYZER_NONNULL = YES;
				CLANG_ANALYZER_NUMBER_OBJECT_CONVERSION = YES_AGGRESSIVE;
				CLANG_CXX_LANGUAGE_STANDARD = "gnu++20";
				CLANG_ENABLE_MODULES = YES;
				CLANG_ENABLE_OBJC_ARC = YES;
				CLANG_ENABLE_OBJC_WEAK = YES;
				CLANG_WARN_BLOCK_CAPTURE_AUTORELEASING = YES;
				CLANG_WARN_BOOL_CONVERSION = YES;
				CLANG_WARN_COMMA = YES;
				CLANG_WARN_CONSTANT_CONVERSION = YES;
				CLANG_WARN_DEPRECATED_OBJC_IMPLEMENTATIONS = YES;
				CLANG_WARN_DIRECT_OBJC_ISA_USAGE = YES_ERROR;
				CLANG_WARN_DOCUMENTATION_COMMENTS = YES;
				CLANG_WARN_EMPTY_BODY = YES;
				CLANG_WARN_ENUM_CONVERSION = YES;
				CLANG_WARN_INFINITE_RECURSION = YES;
				CLANG_WARN_INT_CONVERSION = YES;
				CLANG_WARN_NON_LITERAL_NULL_CONVERSION = YES;
				CLANG_WARN_OBJC_IMPLICIT_RETAIN_SELF = YES;
				CLANG_WARN_OBJC_LITERAL_CONVERSION = YES;
				CLANG_WARN_OBJC_ROOT_CLASS = YES_ERROR;
				CLANG_WARN_QUOTED_INCLUDE_IN_FRAMEWORK_HEADER = YES;
				CLANG_WARN_RANGE_LOOP_ANALYSIS = YES;
				CLANG_WARN_STRICT_PROTOTYPES = YES;
				CLANG_WARN_SUSPICIOUS_MOVE = YES;
				CLANG_WARN_UNGUARDED_AVAILABILITY = YES_AGGRESSIVE;
				CLANG_WARN_UNREACHABLE_CODE = YES;
				CLANG_WARN__DUPLICATE_METHOD_MATCH = YES;
				COPY_PHASE_STRIP = NO;
				DEBUG_INFORMATION_FORMAT = "dwarf-with-dsym";
				ENABLE_NS_ASSERTIONS = NO;
				ENABLE_STRICT_OBJC_MSGSEND = YES;
				ENABLE_USER_SCRIPT_SANDBOXING = YES;
				GCC_C_LANGUAGE_STANDARD = gnu17;
				GCC_NO_COMMON_BLOCKS = YES;
				GCC_WARN_64_TO_32_BIT_CONVERSION = YES;
				GCC_WARN_ABOUT_RETURN_TYPE = YES_ERROR;
				GCC_WARN_UNDECLARED_SELECTOR = YES;
				GCC_WARN_UNINITIALIZED_AUTOS = YES_AGGRESSIVE;
				GCC_WARN_UNUSED_FUNCTION = YES;
				GCC_WARN_UNUSED_VARIABLE = YES;
				IPHONEOS_DEPLOYMENT_TARGET = 17.0;
				MTL_FAST_MATH = YES;
				SDKROOT = iphoneos;
				SWIFT_COMPILATION_MODE = wholemodule;
				VALIDATE_PRODUCT = YES;
			};
			name = Release;
		};
		AA800004 /* Debug */ = {
			isa = XCBuildConfiguration;
			buildSettings = {
				ASSETCATALOG_COMPILER_APPICON_NAME = AppIcon;
				ASSETCATALOG_COMPILER_GLOBAL_ACCENT_COLOR_NAME = AccentColor;
				CODE_SIGN_STYLE = Automatic;
				CURRENT_PROJECT_VERSION = 1;
				DEVELOPMENT_ASSET_PATHS = "";
				DEVELOPMENT_TEAM = XN7996V82Q;
				ENABLE_PREVIEWS = YES;
				GENERATE_INFOPLIST_FILE = NO;
				INFOPLIST_FILE = KuromiApp/Info.plist;
				INFOPLIST_KEY_CFBundleDisplayName = OpenVoice;
				INFOPLIST_KEY_LSApplicationCategoryType = "public.app-category.productivity";
				IPHONEOS_DEPLOYMENT_TARGET = 17.6;
				MARKETING_VERSION = 1.0;
				PRODUCT_BUNDLE_IDENTIFIER = com.tamidi.openvoice.app;
				PRODUCT_NAME = "$(TARGET_NAME)";
				SUPPORTED_PLATFORMS = "iphoneos iphonesimulator";
				SUPPORTS_MACCATALYST = NO;
				SWIFT_EMIT_LOC_STRINGS = YES;
				SWIFT_VERSION = 5.0;
				TARGETED_DEVICE_FAMILY = 1;
			};
			name = Debug;
		};
		AA800005 /* Release */ = {
			isa = XCBuildConfiguration;
			buildSettings = {
				ASSETCATALOG_COMPILER_APPICON_NAME = AppIcon;
				ASSETCATALOG_COMPILER_GLOBAL_ACCENT_COLOR_NAME = AccentColor;
				CODE_SIGN_STYLE = Automatic;
				CURRENT_PROJECT_VERSION = 1;
				DEVELOPMENT_ASSET_PATHS = "";
				DEVELOPMENT_TEAM = XN7996V82Q;
				ENABLE_PREVIEWS = YES;
				GENERATE_INFOPLIST_FILE = NO;
				INFOPLIST_FILE = KuromiApp/Info.plist;
				INFOPLIST_KEY_CFBundleDisplayName = OpenVoice;
				INFOPLIST_KEY_LSApplicationCategoryType = "public.app-category.productivity";
				IPHONEOS_DEPLOYMENT_TARGET = 17.6;
				MARKETING_VERSION = 1.0;
				PRODUCT_BUNDLE_IDENTIFIER = com.tamidi.openvoice.app;
				PRODUCT_NAME = "$(TARGET_NAME)";
				SUPPORTED_PLATFORMS = "iphoneos iphonesimulator";
				SUPPORTS_MACCATALYST = NO;
				SWIFT_EMIT_LOC_STRINGS = YES;
				SWIFT_VERSION = 5.0;
				TARGETED_DEVICE_FAMILY = 1;
			};
			name = Release;
		};
/* End XCBuildConfiguration section */

/* Begin XCConfigurationList section */
		AA800000 /* Build configuration list for PBXProject "KuromiApp" */ = {
			isa = XCConfigurationList;
			buildConfigurations = (
				AA800002 /* Debug */,
				AA800003 /* Release */,
			);
			defaultConfigurationIsVisible = 0;
			defaultConfigurationName = Release;
		};
		AA800001 /* Build configuration list for PBXNativeTarget "KuromiApp" */ = {
			isa = XCConfigurationList;
			buildConfigurations = (
				AA800004 /* Debug */,
				AA800005 /* Release */,
			);
			defaultConfigurationIsVisible = 0;
			defaultConfigurationName = Release;
		};
/* End XCConfigurationList section */
	};
	rootObject = AA000000 /* Project object */;
}
